{
  "name": "Backend",
  "lockfileVersion": 3,
  "requires": true,
  "packages": {
    "": {
      "dependencies": {
        "bcryptjs": "^3.0.1"
      }
    },
    "node_modules/bcryptjs": {
      "version": "3.0.1",
      "resolved": "https://registry.npmjs.org/bcryptjs/-/bcryptjs-3.0.1.tgz",
      "integrity": "sha512-iY+rRoR0bToRe8LTJkVX2gawo8gmgDQbiFsaKy8fVuG3WXekEQrjasfmWIbJxJHttEKPa+xPxbw3GROnJSmu0A==",
      "license": "BSD-3-Clause",
      "bin": {
        "bcrypt": "bin/bcrypt"
      }
    }
  }
}
